
Microsoft Visual Studio Solution File, Format Version 12.00
# Visual Studio Version 17
VisualStudioVersion = 17.4.33213.308
MinimumVisualStudioVersion = 10.0.40219.1
Project("{FAE04EC0-301F-11D3-BF4B-00C04F79EFBC}") = "Calculol", "Calculol\Calculol.csproj", "{DBB7C8AC-6F3E-4821-9A23-259E9786977E}"
EndProject
Project("{FAE04EC0-301F-11D3-BF4B-00C04F79EFBC}") = "CalculolClassLibrary", "CalculolClassLibrary\CalculolClassLibrary.csproj", "{D8B4E738-71AA-40AC-8F4E-676D26E51E1C}"
EndProject
Global
	GlobalSection(SolutionConfigurationPlatforms) = preSolution
		Debug|Any CPU = Debug|Any CPU
		Release|Any CPU = Release|Any CPU
	EndGlobalSection
	GlobalSection(ProjectConfigurationPlatforms) = postSolution
		{DBB7C8AC-6F3E-4821-9A23-259E9786977E}.Debug|Any CPU.ActiveCfg = Debug|Any CPU
		{DBB7C8AC-6F3E-4821-9A23-259E9786977E}.Debug|Any CPU.Build.0 = Debug|Any CPU
		{DBB7C8AC-6F3E-4821-9A23-259E9786977E}.Release|Any CPU.ActiveCfg = Release|Any CPU
		{DBB7C8AC-6F3E-4821-9A23-259E9786977E}.Release|Any CPU.Build.0 = Release|Any CPU
		{D8B4E738-71AA-40AC-8F4E-676D26E51E1C}.Debug|Any CPU.ActiveCfg = Debug|Any CPU
		{D8B4E738-71AA-40AC-8F4E-676D26E51E1C}.Debug|Any CPU.Build.0 = Debug|Any CPU
		{D8B4E738-71AA-40AC-8F4E-676D26E51E1C}.Release|Any CPU.ActiveCfg = Release|Any CPU
		{D8B4E738-71AA-40AC-8F4E-676D26E51E1C}.Release|Any CPU.Build.0 = Release|Any CPU
	EndGlobalSection
	GlobalSection(SolutionProperties) = preSolution
		HideSolutionNode = FALSE
	EndGlobalSection
	GlobalSection(ExtensibilityGlobals) = postSolution
		SolutionGuid = {EE66D19D-B8E7-4499-87FE-E52323E27311}
	EndGlobalSection
EndGlobal
